
Microsoft Visual Studio Solution File, Format Version 12.00
# Visual Studio Version 17
VisualStudioVersion = 17.4.33403.182
MinimumVisualStudioVersion = 10.0.40219.1
Project("{FAE04EC0-301F-11D3-BF4B-00C04F79EFBC}") = "Demexam", "Demexam\Demexam.csproj", "{17AC0DF1-3960-49DC-9958-3DC12F90502E}"
EndProject
Global
	GlobalSection(SolutionConfigurationPlatforms) = preSolution
		Debug|Any CPU = Debug|Any CPU
		Release|Any CPU = Release|Any CPU
	EndGlobalSection
	GlobalSection(ProjectConfigurationPlatforms) = postSolution
		{17AC0DF1-3960-49DC-9958-3DC12F90502E}.Debug|Any CPU.ActiveCfg = Debug|Any CPU
		{17AC0DF1-3960-49DC-9958-3DC12F90502E}.Debug|Any CPU.Build.0 = Debug|Any CPU
		{17AC0DF1-3960-49DC-9958-3DC12F90502E}.Release|Any CPU.ActiveCfg = Release|Any CPU
		{17AC0DF1-3960-49DC-9958-3DC12F90502E}.Release|Any CPU.Build.0 = Release|Any CPU
	EndGlobalSection
	GlobalSection(SolutionProperties) = preSolution
		HideSolutionNode = FALSE
	EndGlobalSection
	GlobalSection(ExtensibilityGlobals) = postSolution
		SolutionGuid = {B29D4EC9-5A9E-4351-9120-4C7079F4C9BC}
	EndGlobalSection
EndGlobal
